// !$*UTF8*$!
{
	archiveVersion = 1;
	classes = {
	};
	objectVersion = 55;
	objects = {

/* Begin PBXBuildFile section */
		845499F92907F39C00679A39 /* TableCellModel.swift in Sources */ = {isa = PBXBuildFile; fileRef = 845499F82907F39C00679A39 /* TableCellModel.swift */; };
		845499FC2907F58200679A39 /* MainModel.swift in Sources */ = {isa = PBXBuildFile; fileRef = 845499FB2907F58200679A39 /* MainModel.swift */; };
		84549A002907F8CD00679A39 /* TableCollectionViewCell.swift in Sources */ = {isa = PBXBuildFile; fileRef = 845499FF2907F8CD00679A39 /* TableCollectionViewCell.swift */; };
		84549A022908027F00679A39 /* MainCollectionViewCell.swift in Sources */ = {isa = PBXBuildFile; fileRef = 84549A012908027F00679A39 /* MainCollectionViewCell.swift */; };
		84549A042909844600679A39 /* IntegerExtension.swift in Sources */ = {isa = PBXBuildFile; fileRef = 84549A032909844500679A39 /* IntegerExtension.swift */; };
		84549A0B290985D800679A39 /* BottomCollecionViewHeader.swift in Sources */ = {isa = PBXBuildFile; fileRef = 84549A0A290985D800679A39 /* BottomCollecionViewHeader.swift */; };
		8478213928FD3C0E00BC1F7F /* AppDelegate.swift in Sources */ = {isa = PBXBuildFile; fileRef = 8478213828FD3C0E00BC1F7F /* AppDelegate.swift */; };
		8478213D28FD3C0E00BC1F7F /* MainPageViewController.swift in Sources */ = {isa = PBXBuildFile; fileRef = 8478213C28FD3C0E00BC1F7F /* MainPageViewController.swift */; };
		8478214228FD3C0F00BC1F7F /* Assets.xcassets in Resources */ = {isa = PBXBuildFile; fileRef = 8478214128FD3C0F00BC1F7F /* Assets.xcassets */; };
		8478214528FD3C0F00BC1F7F /* LaunchScreen.storyboard in Resources */ = {isa = PBXBuildFile; fileRef = 8478214328FD3C0F00BC1F7F /* LaunchScreen.storyboard */; };
		84B5AC76290AE7A1004EE8BE /* StringExtension.swift in Sources */ = {isa = PBXBuildFile; fileRef = 84B5AC75290AE7A1004EE8BE /* StringExtension.swift */; };
		84B71281290E9F4A00AD6AD5 /* ItemPageViewController.swift in Sources */ = {isa = PBXBuildFile; fileRef = 84B71280290E9F4A00AD6AD5 /* ItemPageViewController.swift */; };
		84B71283290EA39100AD6AD5 /* ItemPageView.swift in Sources */ = {isa = PBXBuildFile; fileRef = 84B71282290EA39100AD6AD5 /* ItemPageView.swift */; };
		84B71287290EB1CC00AD6AD5 /* Protocols.swift in Sources */ = {isa = PBXBuildFile; fileRef = 84B71286290EB1CC00AD6AD5 /* Protocols.swift */; };
		84B71290290FFC9600AD6AD5 /* ImageViewSwiperCell.swift in Sources */ = {isa = PBXBuildFile; fileRef = 84B7128F290FFC9600AD6AD5 /* ImageViewSwiperCell.swift */; };
		84D35B5B290192D500BB17F3 /* FavoritesViewController.swift in Sources */ = {isa = PBXBuildFile; fileRef = 84D35B5A290192D500BB17F3 /* FavoritesViewController.swift */; };
		84D35B5D290192D600BB17F3 /* ApplyViewController.swift in Sources */ = {isa = PBXBuildFile; fileRef = 84D35B5C290192D600BB17F3 /* ApplyViewController.swift */; };
		84D35B5F290192D700BB17F3 /* MessagesViewController.swift in Sources */ = {isa = PBXBuildFile; fileRef = 84D35B5E290192D700BB17F3 /* MessagesViewController.swift */; };
		84D35B61290192D800BB17F3 /* AccountViewController.swift in Sources */ = {isa = PBXBuildFile; fileRef = 84D35B60290192D800BB17F3 /* AccountViewController.swift */; };
		84D35B642901942D00BB17F3 /* UIViewControllerExtension.swift in Sources */ = {isa = PBXBuildFile; fileRef = 84D35B632901942D00BB17F3 /* UIViewControllerExtension.swift */; };
		84D35B672901DCD700BB17F3 /* CustomTabBarController.swift in Sources */ = {isa = PBXBuildFile; fileRef = 84D35B662901DCD700BB17F3 /* CustomTabBarController.swift */; };
		84D35B692901DDFB00BB17F3 /* CustomTabBarItem.swift in Sources */ = {isa = PBXBuildFile; fileRef = 84D35B682901DDFB00BB17F3 /* CustomTabBarItem.swift */; };
		84D35B6C29053D5000BB17F3 /* AppDelegateExtension.swift in Sources */ = {isa = PBXBuildFile; fileRef = 84D35B6B29053D5000BB17F3 /* AppDelegateExtension.swift */; };
		84D35B702905463C00BB17F3 /* TabBarItemModel.swift in Sources */ = {isa = PBXBuildFile; fileRef = 84D35B6F2905463C00BB17F3 /* TabBarItemModel.swift */; };
		84D35B722905589800BB17F3 /* NavigationControllerExtension.swift in Sources */ = {isa = PBXBuildFile; fileRef = 84D35B712905589800BB17F3 /* NavigationControllerExtension.swift */; };
		84D35B772905B16C00BB17F3 /* UIImageExtension.swift in Sources */ = {isa = PBXBuildFile; fileRef = 84D35B762905B16C00BB17F3 /* UIImageExtension.swift */; };
/* End PBXBuildFile section */

/* Begin PBXFileReference section */
		845499F82907F39C00679A39 /* TableCellModel.swift */ = {isa = PBXFileReference; lastKnownFileType = sourcecode.swift; path = TableCellModel.swift; sourceTree = "<group>"; };
		845499FB2907F58200679A39 /* MainModel.swift */ = {isa = PBXFileReference; lastKnownFileType = sourcecode.swift; path = MainModel.swift; sourceTree = "<group>"; };
		845499FF2907F8CD00679A39 /* TableCollectionViewCell.swift */ = {isa = PBXFileReference; lastKnownFileType = sourcecode.swift; path = TableCollectionViewCell.swift; sourceTree = "<group>"; };
		84549A012908027F00679A39 /* MainCollectionViewCell.swift */ = {isa = PBXFileReference; lastKnownFileType = sourcecode.swift; path = MainCollectionViewCell.swift; sourceTree = "<group>"; };
		84549A032909844500679A39 /* IntegerExtension.swift */ = {isa = PBXFileReference; lastKnownFileType = sourcecode.swift; path = IntegerExtension.swift; sourceTree = "<group>"; };
		84549A0A290985D800679A39 /* BottomCollecionViewHeader.swift */ = {isa = PBXFileReference; lastKnownFileType = sourcecode.swift; path = BottomCollecionViewHeader.swift; sourceTree = "<group>"; };
		8478213528FD3C0E00BC1F7F /* Crysha-MVC.app */ = {isa = PBXFileReference; explicitFileType = wrapper.application; includeInIndex = 0; path = "Crysha-MVC.app"; sourceTree = BUILT_PRODUCTS_DIR; };
		8478213828FD3C0E00BC1F7F /* AppDelegate.swift */ = {isa = PBXFileReference; lastKnownFileType = sourcecode.swift; path = AppDelegate.swift; sourceTree = "<group>"; };
		8478213C28FD3C0E00BC1F7F /* MainPageViewController.swift */ = {isa = PBXFileReference; lastKnownFileType = sourcecode.swift; path = MainPageViewController.swift; sourceTree = "<group>"; };
		8478214128FD3C0F00BC1F7F /* Assets.xcassets */ = {isa = PBXFileReference; lastKnownFileType = folder.assetcatalog; path = Assets.xcassets; sourceTree = "<group>"; };
		8478214428FD3C0F00BC1F7F /* Base */ = {isa = PBXFileReference; lastKnownFileType = file.storyboard; name = Base; path = Base.lproj/LaunchScreen.storyboard; sourceTree = "<group>"; };
		8478214628FD3C0F00BC1F7F /* Info.plist */ = {isa = PBXFileReference; lastKnownFileType = text.plist.xml; path = Info.plist; sourceTree = "<group>"; };
		84B5AC75290AE7A1004EE8BE /* StringExtension.swift */ = {isa = PBXFileReference; lastKnownFileType = sourcecode.swift; path = StringExtension.swift; sourceTree = "<group>"; };
		84B71280290E9F4A00AD6AD5 /* ItemPageViewController.swift */ = {isa = PBXFileReference; lastKnownFileType = sourcecode.swift; path = ItemPageViewController.swift; sourceTree = "<group>"; };
		84B71282290EA39100AD6AD5 /* ItemPageView.swift */ = {isa = PBXFileReference; lastKnownFileType = sourcecode.swift; path = ItemPageView.swift; sourceTree = "<group>"; };
		84B71286290EB1CC00AD6AD5 /* Protocols.swift */ = {isa = PBXFileReference; lastKnownFileType = sourcecode.swift; path = Protocols.swift; sourceTree = "<group>"; };
		84B7128F290FFC9600AD6AD5 /* ImageViewSwiperCell.swift */ = {isa = PBXFileReference; lastKnownFileType = sourcecode.swift; path = ImageViewSwiperCell.swift; sourceTree = "<group>"; };
		84D35B5A290192D500BB17F3 /* FavoritesViewController.swift */ = {isa = PBXFileReference; lastKnownFileType = sourcecode.swift; path = FavoritesViewController.swift; sourceTree = "<group>"; };
		84D35B5C290192D600BB17F3 /* ApplyViewController.swift */ = {isa = PBXFileReference; lastKnownFileType = sourcecode.swift; path = ApplyViewController.swift; sourceTree = "<group>"; };
		84D35B5E290192D700BB17F3 /* MessagesViewController.swift */ = {isa = PBXFileReference; lastKnownFileType = sourcecode.swift; path = MessagesViewController.swift; sourceTree = "<group>"; };
		84D35B60290192D800BB17F3 /* AccountViewController.swift */ = {isa = PBXFileReference; lastKnownFileType = sourcecode.swift; path = AccountViewController.swift; sourceTree = "<group>"; };
		84D35B632901942D00BB17F3 /* UIViewControllerExtension.swift */ = {isa = PBXFileReference; lastKnownFileType = sourcecode.swift; path = UIViewControllerExtension.swift; sourceTree = "<group>"; };
		84D35B662901DCD700BB17F3 /* CustomTabBarController.swift */ = {isa = PBXFileReference; lastKnownFileType = sourcecode.swift; path = CustomTabBarController.swift; sourceTree = "<group>"; };
		84D35B682901DDFB00BB17F3 /* CustomTabBarItem.swift */ = {isa = PBXFileReference; lastKnownFileType = sourcecode.swift; path = CustomTabBarItem.swift; sourceTree = "<group>"; };
		84D35B6B29053D5000BB17F3 /* AppDelegateExtension.swift */ = {isa = PBXFileReference; lastKnownFileType = sourcecode.swift; path = AppDelegateExtension.swift; sourceTree = "<group>"; };
		84D35B6F2905463C00BB17F3 /* TabBarItemModel.swift */ = {isa = PBXFileReference; lastKnownFileType = sourcecode.swift; path = TabBarItemModel.swift; sourceTree = "<group>"; };
		84D35B712905589800BB17F3 /* NavigationControllerExtension.swift */ = {isa = PBXFileReference; lastKnownFileType = sourcecode.swift; path = NavigationControllerExtension.swift; sourceTree = "<group>"; };
		84D35B762905B16C00BB17F3 /* UIImageExtension.swift */ = {isa = PBXFileReference; lastKnownFileType = sourcecode.swift; path = UIImageExtension.swift; sourceTree = "<group>"; };
/* End PBXFileReference section */

/* Begin PBXFrameworksBuildPhase section */
		8478213228FD3C0E00BC1F7F /* Frameworks */ = {
			isa = PBXFrameworksBuildPhase;
			buildActionMask = 2147483647;
			files = (
			);
			runOnlyForDeploymentPostprocessing = 0;
		};
/* End PBXFrameworksBuildPhase section */

/* Begin PBXGroup section */
		845499F52907F31C00679A39 /* CollectionView */ = {
			isa = PBXGroup;
			children = (
				84549A052909850200679A39 /* TopCollection */,
				84549A062909850E00679A39 /* BottomCollection */,
			);
			path = CollectionView;
			sourceTree = "<group>";
		};
		845499F62907F37100679A39 /* View */ = {
			isa = PBXGroup;
			children = (
				845499F52907F31C00679A39 /* CollectionView */,
			);
			path = View;
			sourceTree = "<group>";
		};
		845499F72907F38400679A39 /* Model */ = {
			isa = PBXGroup;
			children = (
				845499FB2907F58200679A39 /* MainModel.swift */,
			);
			path = Model;
			sourceTree = "<group>";
		};
		84549A052909850200679A39 /* TopCollection */ = {
			isa = PBXGroup;
			children = (
				845499FF2907F8CD00679A39 /* TableCollectionViewCell.swift */,
			);
			path = TopCollection;
			sourceTree = "<group>";
		};
		84549A062909850E00679A39 /* BottomCollection */ = {
			isa = PBXGroup;
			children = (
				84549A0A290985D800679A39 /* BottomCollecionViewHeader.swift */,
				84549A012908027F00679A39 /* MainCollectionViewCell.swift */,
			);
			path = BottomCollection;
			sourceTree = "<group>";
		};
		8478212C28FD3C0E00BC1F7F = {
			isa = PBXGroup;
			children = (
				8478213728FD3C0E00BC1F7F /* Crysha-MVC */,
				8478213628FD3C0E00BC1F7F /* Products */,
			);
			sourceTree = "<group>";
		};
		8478213628FD3C0E00BC1F7F /* Products */ = {
			isa = PBXGroup;
			children = (
				8478213528FD3C0E00BC1F7F /* Crysha-MVC.app */,
			);
			name = Products;
			sourceTree = "<group>";
		};
		8478213728FD3C0E00BC1F7F /* Crysha-MVC */ = {
			isa = PBXGroup;
			children = (
				84D35B582901917500BB17F3 /* Resources */,
				84D35B572901916100BB17F3 /* Sources */,
			);
			path = "Crysha-MVC";
			sourceTree = "<group>";
		};
		84B7127B290E9CEA00AD6AD5 /* Controller */ = {
			isa = PBXGroup;
			children = (
				8478213C28FD3C0E00BC1F7F /* MainPageViewController.swift */,
			);
			path = Controller;
			sourceTree = "<group>";
		};
		84B7127C290E9EFC00AD6AD5 /* ItemPage */ = {
			isa = PBXGroup;
			children = (
				84B7127E290E9F1F00AD6AD5 /* View */,
				84B7127D290E9F1600AD6AD5 /* Controller */,
			);
			path = ItemPage;
			sourceTree = "<group>";
		};
		84B7127D290E9F1600AD6AD5 /* Controller */ = {
			isa = PBXGroup;
			children = (
				84B71280290E9F4A00AD6AD5 /* ItemPageViewController.swift */,
			);
			path = Controller;
			sourceTree = "<group>";
		};
		84B7127E290E9F1F00AD6AD5 /* View */ = {
			isa = PBXGroup;
			children = (
				84B71282290EA39100AD6AD5 /* ItemPageView.swift */,
				84B7128F290FFC9600AD6AD5 /* ImageViewSwiperCell.swift */,
			);
			path = View;
			sourceTree = "<group>";
		};
		84B71284290EB1BB00AD6AD5 /* ProtocolsAndAssembly */ = {
			isa = PBXGroup;
			children = (
				84B71286290EB1CC00AD6AD5 /* Protocols.swift */,
			);
			path = ProtocolsAndAssembly;
			sourceTree = "<group>";
		};
		84B71291291263B300AD6AD5 /* Model */ = {
			isa = PBXGroup;
			children = (
				845499F82907F39C00679A39 /* TableCellModel.swift */,
			);
			path = Model;
			sourceTree = "<group>";
		};
		84D35B572901916100BB17F3 /* Sources */ = {
			isa = PBXGroup;
			children = (
				84DAED31290D7367007C264F /* ExtraViews */,
				84B71284290EB1BB00AD6AD5 /* ProtocolsAndAssembly */,
				845499F72907F38400679A39 /* Model */,
				84D35B7329059D9B00BB17F3 /* MainPage */,
				84B7127C290E9EFC00AD6AD5 /* ItemPage */,
				84D35B652901DCB900BB17F3 /* TabBarController */,
				84D35B622901940A00BB17F3 /* Extensions */,
				84D35B592901929300BB17F3 /* Application */,
			);
			path = Sources;
			sourceTree = "<group>";
		};
		84D35B582901917500BB17F3 /* Resources */ = {
			isa = PBXGroup;
			children = (
				8478214128FD3C0F00BC1F7F /* Assets.xcassets */,
				8478214328FD3C0F00BC1F7F /* LaunchScreen.storyboard */,
				8478214628FD3C0F00BC1F7F /* Info.plist */,
			);
			path = Resources;
			sourceTree = "<group>";
		};
		84D35B592901929300BB17F3 /* Application */ = {
			isa = PBXGroup;
			children = (
				8478213828FD3C0E00BC1F7F /* AppDelegate.swift */,
			);
			path = Application;
			sourceTree = "<group>";
		};
		84D35B622901940A00BB17F3 /* Extensions */ = {
			isa = PBXGroup;
			children = (
				84D35B632901942D00BB17F3 /* UIViewControllerExtension.swift */,
				84D35B6B29053D5000BB17F3 /* AppDelegateExtension.swift */,
				84D35B712905589800BB17F3 /* NavigationControllerExtension.swift */,
				84D35B762905B16C00BB17F3 /* UIImageExtension.swift */,
				84549A032909844500679A39 /* IntegerExtension.swift */,
				84B5AC75290AE7A1004EE8BE /* StringExtension.swift */,
			);
			path = Extensions;
			sourceTree = "<group>";
		};
		84D35B652901DCB900BB17F3 /* TabBarController */ = {
			isa = PBXGroup;
			children = (
				84D35B6E2905462D00BB17F3 /* Model */,
				84D35B6D2905461A00BB17F3 /* View */,
			);
			path = TabBarController;
			sourceTree = "<group>";
		};
		84D35B6D2905461A00BB17F3 /* View */ = {
			isa = PBXGroup;
			children = (
				84D35B662901DCD700BB17F3 /* CustomTabBarController.swift */,
				84D35B682901DDFB00BB17F3 /* CustomTabBarItem.swift */,
			);
			path = View;
			sourceTree = "<group>";
		};
		84D35B6E2905462D00BB17F3 /* Model */ = {
			isa = PBXGroup;
			children = (
				84D35B6F2905463C00BB17F3 /* TabBarItemModel.swift */,
			);
			path = Model;
			sourceTree = "<group>";
		};
		84D35B7329059D9B00BB17F3 /* MainPage */ = {
			isa = PBXGroup;
			children = (
				84B71291291263B300AD6AD5 /* Model */,
				84B7127B290E9CEA00AD6AD5 /* Controller */,
				845499F62907F37100679A39 /* View */,
			);
			path = MainPage;
			sourceTree = "<group>";
		};
		84DAED31290D7367007C264F /* ExtraViews */ = {
			isa = PBXGroup;
			children = (
				84D35B5A290192D500BB17F3 /* FavoritesViewController.swift */,
				84D35B5C290192D600BB17F3 /* ApplyViewController.swift */,
				84D35B5E290192D700BB17F3 /* MessagesViewController.swift */,
				84D35B60290192D800BB17F3 /* AccountViewController.swift */,
			);
			path = ExtraViews;
			sourceTree = "<group>";
		};
/* End PBXGroup section */

/* Begin PBXNativeTarget section */
		8478213428FD3C0E00BC1F7F /* Crysha-MVC */ = {
			isa = PBXNativeTarget;
			buildConfigurationList = 8478214928FD3C0F00BC1F7F /* Build configuration list for PBXNativeTarget "Crysha-MVC" */;
			buildPhases = (
				8478213128FD3C0E00BC1F7F /* Sources */,
				8478213228FD3C0E00BC1F7F /* Frameworks */,
				8478213328FD3C0E00BC1F7F /* Resources */,
			);
			buildRules = (
			);
			dependencies = (
			);
			name = "Crysha-MVC";
			productName = "Crysha-MVC";
			productReference = 8478213528FD3C0E00BC1F7F /* Crysha-MVC.app */;
			productType = "com.apple.product-type.application";
		};
/* End PBXNativeTarget section */

/* Begin PBXProject section */
		8478212D28FD3C0E00BC1F7F /* Project object */ = {
			isa = PBXProject;
			attributes = {
				BuildIndependentTargetsInParallel = 1;
				LastSwiftUpdateCheck = 1340;
				LastUpgradeCheck = 1340;
				TargetAttributes = {
					8478213428FD3C0E00BC1F7F = {
						CreatedOnToolsVersion = 13.4.1;
					};
				};
			};
			buildConfigurationList = 8478213028FD3C0E00BC1F7F /* Build configuration list for PBXProject "Crysha-MVC" */;
			compatibilityVersion = "Xcode 13.0";
			developmentRegion = en;
			hasScannedForEncodings = 0;
			knownRegions = (
				en,
				Base,
			);
			mainGroup = 8478212C28FD3C0E00BC1F7F;
			productRefGroup = 8478213628FD3C0E00BC1F7F /* Products */;
			projectDirPath = "";
			projectRoot = "";
			targets = (
				8478213428FD3C0E00BC1F7F /* Crysha-MVC */,
			);
		};
/* End PBXProject section */

/* Begin PBXResourcesBuildPhase section */
		8478213328FD3C0E00BC1F7F /* Resources */ = {
			isa = PBXResourcesBuildPhase;
			buildActionMask = 2147483647;
			files = (
				8478214528FD3C0F00BC1F7F /* LaunchScreen.storyboard in Resources */,
				8478214228FD3C0F00BC1F7F /* Assets.xcassets in Resources */,
			);
			runOnlyForDeploymentPostprocessing = 0;
		};
/* End PBXResourcesBuildPhase section */

/* Begin PBXSourcesBuildPhase section */
		8478213128FD3C0E00BC1F7F /* Sources */ = {
			isa = PBXSourcesBuildPhase;
			buildActionMask = 2147483647;
			files = (
				84B71281290E9F4A00AD6AD5 /* ItemPageViewController.swift in Sources */,
				84B71287290EB1CC00AD6AD5 /* Protocols.swift in Sources */,
				8478213D28FD3C0E00BC1F7F /* MainPageViewController.swift in Sources */,
				84549A022908027F00679A39 /* MainCollectionViewCell.swift in Sources */,
				84D35B6C29053D5000BB17F3 /* AppDelegateExtension.swift in Sources */,
				84B71283290EA39100AD6AD5 /* ItemPageView.swift in Sources */,
				84D35B5B290192D500BB17F3 /* FavoritesViewController.swift in Sources */,
				84D35B672901DCD700BB17F3 /* CustomTabBarController.swift in Sources */,
				84549A042909844600679A39 /* IntegerExtension.swift in Sources */,
				84D35B61290192D800BB17F3 /* AccountViewController.swift in Sources */,
				84D35B5D290192D600BB17F3 /* ApplyViewController.swift in Sources */,
				84D35B5F290192D700BB17F3 /* MessagesViewController.swift in Sources */,
				84D35B722905589800BB17F3 /* NavigationControllerExtension.swift in Sources */,
				84549A002907F8CD00679A39 /* TableCollectionViewCell.swift in Sources */,
				845499F92907F39C00679A39 /* TableCellModel.swift in Sources */,
				84B5AC76290AE7A1004EE8BE /* StringExtension.swift in Sources */,
				84D35B642901942D00BB17F3 /* UIViewControllerExtension.swift in Sources */,
				84D35B772905B16C00BB17F3 /* UIImageExtension.swift in Sources */,
				84549A0B290985D800679A39 /* BottomCollecionViewHeader.swift in Sources */,
				84D35B692901DDFB00BB17F3 /* CustomTabBarItem.swift in Sources */,
				84B71290290FFC9600AD6AD5 /* ImageViewSwiperCell.swift in Sources */,
				84D35B702905463C00BB17F3 /* TabBarItemModel.swift in Sources */,
				8478213928FD3C0E00BC1F7F /* AppDelegate.swift in Sources */,
				845499FC2907F58200679A39 /* MainModel.swift in Sources */,
			);
			runOnlyForDeploymentPostprocessing = 0;
		};
/* End PBXSourcesBuildPhase section */

/* Begin PBXVariantGroup section */
		8478214328FD3C0F00BC1F7F /* LaunchScreen.storyboard */ = {
			isa = PBXVariantGroup;
			children = (
				8478214428FD3C0F00BC1F7F /* Base */,
			);
			name = LaunchScreen.storyboard;
			sourceTree = "<group>";
		};
/* End PBXVariantGroup section */

/* Begin XCBuildConfiguration section */
		8478214728FD3C0F00BC1F7F /* Debug */ = {
			isa = XCBuildConfiguration;
			buildSettings = {
				ALWAYS_SEARCH_USER_PATHS = NO;
				CLANG_ANALYZER_NONNULL = YES;
				CLANG_ANALYZER_NUMBER_OBJECT_CONVERSION = YES_AGGRESSIVE;
				CLANG_CXX_LANGUAGE_STANDARD = "gnu++17";
				CLANG_ENABLE_MODULES = YES;
				CLANG_ENABLE_OBJC_ARC = YES;
				CLANG_ENABLE_OBJC_WEAK = YES;
				CLANG_WARN_BLOCK_CAPTURE_AUTORELEASING = YES;
				CLANG_WARN_BOOL_CONVERSION = YES;
				CLANG_WARN_COMMA = YES;
				CLANG_WARN_CONSTANT_CONVERSION = YES;
				CLANG_WARN_DEPRECATED_OBJC_IMPLEMENTATIONS = YES;
				CLANG_WARN_DIRECT_OBJC_ISA_USAGE = YES_ERROR;
				CLANG_WARN_DOCUMENTATION_COMMENTS = YES;
				CLANG_WARN_EMPTY_BODY = YES;
				CLANG_WARN_ENUM_CONVERSION = YES;
				CLANG_WARN_INFINITE_RECURSION = YES;
				CLANG_WARN_INT_CONVERSION = YES;
				CLANG_WARN_NON_LITERAL_NULL_CONVERSION = YES;
				CLANG_WARN_OBJC_IMPLICIT_RETAIN_SELF = YES;
				CLANG_WARN_OBJC_LITERAL_CONVERSION = YES;
				CLANG_WARN_OBJC_ROOT_CLASS = YES_ERROR;
				CLANG_WARN_QUOTED_INCLUDE_IN_FRAMEWORK_HEADER = YES;
				CLANG_WARN_RANGE_LOOP_ANALYSIS = YES;
				CLANG_WARN_STRICT_PROTOTYPES = YES;
				CLANG_WARN_SUSPICIOUS_MOVE = YES;
				CLANG_WARN_UNGUARDED_AVAILABILITY = YES_AGGRESSIVE;
				CLANG_WARN_UNREACHABLE_CODE = YES;
				CLANG_WARN__DUPLICATE_METHOD_MATCH = YES;
				COPY_PHASE_STRIP = NO;
				DEBUG_INFORMATION_FORMAT = dwarf;
				ENABLE_STRICT_OBJC_MSGSEND = YES;
				ENABLE_TESTABILITY = YES;
				GCC_C_LANGUAGE_STANDARD = gnu11;
				GCC_DYNAMIC_NO_PIC = NO;
				GCC_NO_COMMON_BLOCKS = YES;
				GCC_OPTIMIZATION_LEVEL = 0;
				GCC_PREPROCESSOR_DEFINITIONS = (
					"DEBUG=1",
					"$(inherited)",
				);
				GCC_WARN_64_TO_32_BIT_CONVERSION = YES;
				GCC_WARN_ABOUT_RETURN_TYPE = YES_ERROR;
				GCC_WARN_UNDECLARED_SELECTOR = YES;
				GCC_WARN_UNINITIALIZED_AUTOS = YES_AGGRESSIVE;
				GCC_WARN_UNUSED_FUNCTION = YES;
				GCC_WARN_UNUSED_VARIABLE = YES;
				IPHONEOS_DEPLOYMENT_TARGET = 15.5;
				MTL_ENABLE_DEBUG_INFO = INCLUDE_SOURCE;
				MTL_FAST_MATH = YES;
				ONLY_ACTIVE_ARCH = YES;
				SDKROOT = iphoneos;
				SWIFT_ACTIVE_COMPILATION_CONDITIONS = DEBUG;
				SWIFT_OPTIMIZATION_LEVEL = "-Onone";
			};
			name = Debug;
		};
		8478214828FD3C0F00BC1F7F /* Release */ = {
			isa = XCBuildConfiguration;
			buildSettings = {
				ALWAYS_SEARCH_USER_PATHS = NO;
				CLANG_ANALYZER_NONNULL = YES;
				CLANG_ANALYZER_NUMBER_OBJECT_CONVERSION = YES_AGGRESSIVE;
				CLANG_CXX_LANGUAGE_STANDARD = "gnu++17";
				CLANG_ENABLE_MODULES = YES;
				CLANG_ENABLE_OBJC_ARC = YES;
				CLANG_ENABLE_OBJC_WEAK = YES;
				CLANG_WARN_BLOCK_CAPTURE_AUTORELEASING = YES;
				CLANG_WARN_BOOL_CONVERSION = YES;
				CLANG_WARN_COMMA = YES;
				CLANG_WARN_CONSTANT_CONVERSION = YES;
				CLANG_WARN_DEPRECATED_OBJC_IMPLEMENTATIONS = YES;
				CLANG_WARN_DIRECT_OBJC_ISA_USAGE = YES_ERROR;
				CLANG_WARN_DOCUMENTATION_COMMENTS = YES;
				CLANG_WARN_EMPTY_BODY = YES;
				CLANG_WARN_ENUM_CONVERSION = YES;
				CLANG_WARN_INFINITE_RECURSION = YES;
				CLANG_WARN_INT_CONVERSION = YES;
				CLANG_WARN_NON_LITERAL_NULL_CONVERSION = YES;
				CLANG_WARN_OBJC_IMPLICIT_RETAIN_SELF = YES;
				CLANG_WARN_OBJC_LITERAL_CONVERSION = YES;
				CLANG_WARN_OBJC_ROOT_CLASS = YES_ERROR;
				CLANG_WARN_QUOTED_INCLUDE_IN_FRAMEWORK_HEADER = YES;
				CLANG_WARN_RANGE_LOOP_ANALYSIS = YES;
				CLANG_WARN_STRICT_PROTOTYPES = YES;
				CLANG_WARN_SUSPICIOUS_MOVE = YES;
				CLANG_WARN_UNGUARDED_AVAILABILITY = YES_AGGRESSIVE;
				CLANG_WARN_UNREACHABLE_CODE = YES;
				CLANG_WARN__DUPLICATE_METHOD_MATCH = YES;
				COPY_PHASE_STRIP = NO;
				DEBUG_INFORMATION_FORMAT = "dwarf-with-dsym";
				ENABLE_NS_ASSERTIONS = NO;
				ENABLE_STRICT_OBJC_MSGSEND = YES;
				GCC_C_LANGUAGE_STANDARD = gnu11;
				GCC_NO_COMMON_BLOCKS = YES;
				GCC_WARN_64_TO_32_BIT_CONVERSION = YES;
				GCC_WARN_ABOUT_RETURN_TYPE = YES_ERROR;
				GCC_WARN_UNDECLARED_SELECTOR = YES;
				GCC_WARN_UNINITIALIZED_AUTOS = YES_AGGRESSIVE;
				GCC_WARN_UNUSED_FUNCTION = YES;
				GCC_WARN_UNUSED_VARIABLE = YES;
				IPHONEOS_DEPLOYMENT_TARGET = 15.5;
				MTL_ENABLE_DEBUG_INFO = NO;
				MTL_FAST_MATH = YES;
				SDKROOT = iphoneos;
				SWIFT_COMPILATION_MODE = wholemodule;
				SWIFT_OPTIMIZATION_LEVEL = "-O";
				VALIDATE_PRODUCT = YES;
			};
			name = Release;
		};
		8478214A28FD3C0F00BC1F7F /* Debug */ = {
			isa = XCBuildConfiguration;
			buildSettings = {
				ASSETCATALOG_COMPILER_APPICON_NAME = AppIcon;
				ASSETCATALOG_COMPILER_GLOBAL_ACCENT_COLOR_NAME = AccentColor;
				CODE_SIGN_STYLE = Automatic;
				CURRENT_PROJECT_VERSION = 1;
				GENERATE_INFOPLIST_FILE = YES;
				INFOPLIST_FILE = "Crysha-MVC/Resources/Info.plist";
				INFOPLIST_KEY_UIApplicationSupportsIndirectInputEvents = YES;
				INFOPLIST_KEY_UILaunchStoryboardName = LaunchScreen;
				INFOPLIST_KEY_UISupportedInterfaceOrientations_iPad = "UIInterfaceOrientationPortrait UIInterfaceOrientationPortraitUpsideDown UIInterfaceOrientationLandscapeLeft UIInterfaceOrientationLandscapeRight";
				INFOPLIST_KEY_UISupportedInterfaceOrientations_iPhone = "UIInterfaceOrientationPortrait UIInterfaceOrientationLandscapeLeft UIInterfaceOrientationLandscapeRight";
				LD_RUNPATH_SEARCH_PATHS = (
					"$(inherited)",
					"@executable_path/Frameworks",
				);
				MARKETING_VERSION = 1.0;
				PRODUCT_BUNDLE_IDENTIFIER = "hms-kkm.Crysha-MVC";
				PRODUCT_NAME = "$(TARGET_NAME)";
				SWIFT_EMIT_LOC_STRINGS = YES;
				SWIFT_VERSION = 5.0;
				TARGETED_DEVICE_FAMILY = "1,2";
			};
			name = Debug;
		};
		8478214B28FD3C0F00BC1F7F /* Release */ = {
			isa = XCBuildConfiguration;
			buildSettings = {
				ASSETCATALOG_COMPILER_APPICON_NAME = AppIcon;
				ASSETCATALOG_COMPILER_GLOBAL_ACCENT_COLOR_NAME = AccentColor;
				CODE_SIGN_STYLE = Automatic;
				CURRENT_PROJECT_VERSION = 1;
				GENERATE_INFOPLIST_FILE = YES;
				INFOPLIST_FILE = "Crysha-MVC/Resources/Info.plist";
				INFOPLIST_KEY_UIApplicationSupportsIndirectInputEvents = YES;
				INFOPLIST_KEY_UILaunchStoryboardName = LaunchScreen;
				INFOPLIST_KEY_UISupportedInterfaceOrientations_iPad = "UIInterfaceOrientationPortrait UIInterfaceOrientationPortraitUpsideDown UIInterfaceOrientationLandscapeLeft UIInterfaceOrientationLandscapeRight";
				INFOPLIST_KEY_UISupportedInterfaceOrientations_iPhone = "UIInterfaceOrientationPortrait UIInterfaceOrientationLandscapeLeft UIInterfaceOrientationLandscapeRight";
				LD_RUNPATH_SEARCH_PATHS = (
					"$(inherited)",
					"@executable_path/Frameworks",
				);
				MARKETING_VERSION = 1.0;
				PRODUCT_BUNDLE_IDENTIFIER = "hms-kkm.Crysha-MVC";
				PRODUCT_NAME = "$(TARGET_NAME)";
				SWIFT_EMIT_LOC_STRINGS = YES;
				SWIFT_VERSION = 5.0;
				TARGETED_DEVICE_FAMILY = "1,2";
			};
			name = Release;
		};
/* End XCBuildConfiguration section */

/* Begin XCConfigurationList section */
		8478213028FD3C0E00BC1F7F /* Build configuration list for PBXProject "Crysha-MVC" */ = {
			isa = XCConfigurationList;
			buildConfigurations = (
				8478214728FD3C0F00BC1F7F /* Debug */,
				8478214828FD3C0F00BC1F7F /* Release */,
			);
			defaultConfigurationIsVisible = 0;
			defaultConfigurationName = Release;
		};
		8478214928FD3C0F00BC1F7F /* Build configuration list for PBXNativeTarget "Crysha-MVC" */ = {
			isa = XCConfigurationList;
			buildConfigurations = (
				8478214A28FD3C0F00BC1F7F /* Debug */,
				8478214B28FD3C0F00BC1F7F /* Release */,
			);
			defaultConfigurationIsVisible = 0;
			defaultConfigurationName = Release;
		};
/* End XCConfigurationList section */
	};
	rootObject = 8478212D28FD3C0E00BC1F7F /* Project object */;
}
